{
  "name": "utility-fns",
  "version": "1.7.4",
  "lockfileVersion": 2,
  "requires": true,
  "packages": {
    "": {
      "name": "utility-fns",
      "version": "1.7.4",
      "license": "ISC",
      "dependencies": {
        "@types/numeral": "^2.0.2",
        "numeral": "^2.0.6",
        "utility-fns": "file:"
      }
    },
    "node_modules/@types/numeral": {
      "version": "2.0.2",
      "resolved": "https://registry.npmjs.org/@types/numeral/-/numeral-2.0.2.tgz",
      "integrity": "sha512-A8F30k2gYJ/6e07spSCPpkuZu79LCnkPTvqmIWQzNGcrzwFKpVOydG41lNt5wZXjSI149qjyzC2L1+F2PD/NUA=="
    },
    "node_modules/numeral": {
      "version": "2.0.6",
      "resolved": "https://registry.npmjs.org/numeral/-/numeral-2.0.6.tgz",
      "integrity": "sha512-qaKRmtYPZ5qdw4jWJD6bxEf1FJEqllJrwxCLIm0sQU/A7v2/czigzOb+C2uSiFsa9lBUzeH7M1oK+Q+OLxL3kA==",
      "engines": {
        "node": "*"
      }
    },
    "node_modules/utility-fns": {
      "resolved": "",
      "link": true
    }
  },
  "dependencies": {
    "@types/numeral": {
      "version": "2.0.2",
      "resolved": "https://registry.npmjs.org/@types/numeral/-/numeral-2.0.2.tgz",
      "integrity": "sha512-A8F30k2gYJ/6e07spSCPpkuZu79LCnkPTvqmIWQzNGcrzwFKpVOydG41lNt5wZXjSI149qjyzC2L1+F2PD/NUA=="
    },
    "numeral": {
      "version": "2.0.6",
      "resolved": "https://registry.npmjs.org/numeral/-/numeral-2.0.6.tgz",
      "integrity": "sha512-qaKRmtYPZ5qdw4jWJD6bxEf1FJEqllJrwxCLIm0sQU/A7v2/czigzOb+C2uSiFsa9lBUzeH7M1oK+Q+OLxL3kA=="
    },
    "utility-fns": {
      "version": "file:",
      "requires": {
        "@types/numeral": "^2.0.2",
        "numeral": "^2.0.6",
        "utility-fns": "file:"
      },
      "dependencies": {
        "@types/numeral": {
          "version": "2.0.2",
          "resolved": "https://registry.npmjs.org/@types/numeral/-/numeral-2.0.2.tgz",
          "integrity": "sha512-A8F30k2gYJ/6e07spSCPpkuZu79LCnkPTvqmIWQzNGcrzwFKpVOydG41lNt5wZXjSI149qjyzC2L1+F2PD/NUA=="
        },
        "numeral": {
          "version": "2.0.6",
          "resolved": "https://registry.npmjs.org/numeral/-/numeral-2.0.6.tgz",
          "integrity": "sha512-qaKRmtYPZ5qdw4jWJD6bxEf1FJEqllJrwxCLIm0sQU/A7v2/czigzOb+C2uSiFsa9lBUzeH7M1oK+Q+OLxL3kA=="
        }
      }
    }
  }
}
